
Microsoft Visual Studio Solution File, Format Version 12.00
# Visual Studio Version 16
VisualStudioVersion = 16.0.30406.217
MinimumVisualStudioVersion = 10.0.40219.1
Project("{9A19103F-16F7-4668-BE54-9A1E7A4F7556}") = "UnleashedAIO", "UnleashedAIO.csproj", "{325D80A2-60CA-4D98-8D1F-700CD98ED9C1}"
EndProject
Global
	GlobalSection(SolutionConfigurationPlatforms) = preSolution
		Debug|Any CPU = Debug|Any CPU
		Release|Any CPU = Release|Any CPU
	EndGlobalSection
	GlobalSection(ProjectConfigurationPlatforms) = postSolution
		{325D80A2-60CA-4D98-8D1F-700CD98ED9C1}.Debug|Any CPU.ActiveCfg = Debug|Any CPU
		{325D80A2-60CA-4D98-8D1F-700CD98ED9C1}.Debug|Any CPU.Build.0 = Debug|Any CPU
		{325D80A2-60CA-4D98-8D1F-700CD98ED9C1}.Release|Any CPU.ActiveCfg = Release|Any CPU
		{325D80A2-60CA-4D98-8D1F-700CD98ED9C1}.Release|Any CPU.Build.0 = Release|Any CPU
	EndGlobalSection
	GlobalSection(SolutionProperties) = preSolution
		HideSolutionNode = FALSE
	EndGlobalSection
	GlobalSection(ExtensibilityGlobals) = postSolution
		SolutionGuid = {BE3FF2AD-2267-4923-8B6B-113A34CEC8F1}
	EndGlobalSection
EndGlobal
